
Microsoft Visual Studio Solution File, Format Version 12.00
# Visual Studio Version 17
VisualStudioVersion = 17.5.33424.131
MinimumVisualStudioVersion = 10.0.40219.1
Project("{FAE04EC0-301F-11D3-BF4B-00C04F79EFBC}") = "DecouverteMetierTF", "DecouverteMetierTF\DecouverteMetierTF.csproj", "{5A2A91DC-4E6E-4B6E-8EBB-8C34E403F24A}"
EndProject
Global
	GlobalSection(SolutionConfigurationPlatforms) = preSolution
		Debug|Any CPU = Debug|Any CPU
		Release|Any CPU = Release|Any CPU
	EndGlobalSection
	GlobalSection(ProjectConfigurationPlatforms) = postSolution
		{5A2A91DC-4E6E-4B6E-8EBB-8C34E403F24A}.Debug|Any CPU.ActiveCfg = Debug|Any CPU
		{5A2A91DC-4E6E-4B6E-8EBB-8C34E403F24A}.Debug|Any CPU.Build.0 = Debug|Any CPU
		{5A2A91DC-4E6E-4B6E-8EBB-8C34E403F24A}.Release|Any CPU.ActiveCfg = Release|Any CPU
		{5A2A91DC-4E6E-4B6E-8EBB-8C34E403F24A}.Release|Any CPU.Build.0 = Release|Any CPU
	EndGlobalSection
	GlobalSection(SolutionProperties) = preSolution
		HideSolutionNode = FALSE
	EndGlobalSection
	GlobalSection(ExtensibilityGlobals) = postSolution
		SolutionGuid = {5B2F1161-1188-4FBB-8C26-D7F7AC80E22B}
	EndGlobalSection
EndGlobal
